
Microsoft Visual Studio Solution File, Format Version 12.00
# Visual Studio Version 17
VisualStudioVersion = 17.14.36119.2 d17.14
MinimumVisualStudioVersion = 10.0.40219.1
Project("{8BC9CEB8-8B4A-11D0-8D11-00A0C91BC942}") = "c语言_25_8_21", "c语言_25_8_21\c语言_25_8_21.vcxproj", "{C72C3FC9-A770-4C1D-B546-69F2512D2503}"
EndProject
Global
	GlobalSection(SolutionConfigurationPlatforms) = preSolution
		Debug|x64 = Debug|x64
		Debug|x86 = Debug|x86
		Release|x64 = Release|x64
		Release|x86 = Release|x86
	EndGlobalSection
	GlobalSection(ProjectConfigurationPlatforms) = postSolution
		{C72C3FC9-A770-4C1D-B546-69F2512D2503}.Debug|x64.ActiveCfg = Debug|x64
		{C72C3FC9-A770-4C1D-B546-69F2512D2503}.Debug|x64.Build.0 = Debug|x64
		{C72C3FC9-A770-4C1D-B546-69F2512D2503}.Debug|x86.ActiveCfg = Debug|Win32
		{C72C3FC9-A770-4C1D-B546-69F2512D2503}.Debug|x86.Build.0 = Debug|Win32
		{C72C3FC9-A770-4C1D-B546-69F2512D2503}.Release|x64.ActiveCfg = Release|x64
		{C72C3FC9-A770-4C1D-B546-69F2512D2503}.Release|x64.Build.0 = Release|x64
		{C72C3FC9-A770-4C1D-B546-69F2512D2503}.Release|x86.ActiveCfg = Release|Win32
		{C72C3FC9-A770-4C1D-B546-69F2512D2503}.Release|x86.Build.0 = Release|Win32
	EndGlobalSection
	GlobalSection(SolutionProperties) = preSolution
		HideSolutionNode = FALSE
	EndGlobalSection
	GlobalSection(ExtensibilityGlobals) = postSolution
		SolutionGuid = {69CC55A4-F2A0-485D-8E4B-50428348E931}
	EndGlobalSection
EndGlobal
